// !$*UTF8*$!
{
	archiveVersion = 1;
	classes = {
	};
	objectVersion = 50;
	objects = {

/* Begin PBXBuildFile section */
		07E189E825437DE400751C1C /* AppDelegate.swift in Sources */ = {isa = PBXBuildFile; fileRef = 07E189E725437DE400751C1C /* AppDelegate.swift */; };
		07E189EA25437DE400751C1C /* SceneDelegate.swift in Sources */ = {isa = PBXBuildFile; fileRef = 07E189E925437DE400751C1C /* SceneDelegate.swift */; };
		07E189EC25437DE400751C1C /* ViewController.swift in Sources */ = {isa = PBXBuildFile; fileRef = 07E189EB25437DE400751C1C /* ViewController.swift */; };
		07E189EF25437DE400751C1C /* Main.storyboard in Resources */ = {isa = PBXBuildFile; fileRef = 07E189ED25437DE400751C1C /* Main.storyboard */; };
		07E189F125437DE500751C1C /* Assets.xcassets in Resources */ = {isa = PBXBuildFile; fileRef = 07E189F025437DE500751C1C /* Assets.xcassets */; };
		07E189F425437DE500751C1C /* LaunchScreen.storyboard in Resources */ = {isa = PBXBuildFile; fileRef = 07E189F225437DE500751C1C /* LaunchScreen.storyboard */; };
		07E189FF25437DE500751C1C /* YT_CoordinatorStoryboardTests.swift in Sources */ = {isa = PBXBuildFile; fileRef = 07E189FE25437DE500751C1C /* YT_CoordinatorStoryboardTests.swift */; };
		07E18A0A25437DE500751C1C /* YT_CoordinatorStoryboardUITests.swift in Sources */ = {isa = PBXBuildFile; fileRef = 07E18A0925437DE500751C1C /* YT_CoordinatorStoryboardUITests.swift */; };
		07E18A1925437E4D00751C1C /* Coordinator.swift in Sources */ = {isa = PBXBuildFile; fileRef = 07E18A1825437E4D00751C1C /* Coordinator.swift */; };
		07E18A1B25437EAF00751C1C /* AppCoordinator.swift in Sources */ = {isa = PBXBuildFile; fileRef = 07E18A1A25437EAF00751C1C /* AppCoordinator.swift */; };
		07E18A1D25437F1E00751C1C /* FirstCoordinator.swift in Sources */ = {isa = PBXBuildFile; fileRef = 07E18A1C25437F1E00751C1C /* FirstCoordinator.swift */; };
		07E18A202543817500751C1C /* +UIViewController.swift in Sources */ = {isa = PBXBuildFile; fileRef = 07E18A1F2543817500751C1C /* +UIViewController.swift */; };
		07E18A232543820500751C1C /* Storyboarded.swift in Sources */ = {isa = PBXBuildFile; fileRef = 07E18A222543820500751C1C /* Storyboarded.swift */; };
/* End PBXBuildFile section */

/* Begin PBXContainerItemProxy section */
		07E189FB25437DE500751C1C /* PBXContainerItemProxy */ = {
			isa = PBXContainerItemProxy;
			containerPortal = 07E189DC25437DE400751C1C /* Project object */;
			proxyType = 1;
			remoteGlobalIDString = 07E189E325437DE400751C1C;
			remoteInfo = "YT-CoordinatorStoryboard";
		};
		07E18A0625437DE500751C1C /* PBXContainerItemProxy */ = {
			isa = PBXContainerItemProxy;
			containerPortal = 07E189DC25437DE400751C1C /* Project object */;
			proxyType = 1;
			remoteGlobalIDString = 07E189E325437DE400751C1C;
			remoteInfo = "YT-CoordinatorStoryboard";
		};
/* End PBXContainerItemProxy section */

/* Begin PBXFileReference section */
		07E189E425437DE400751C1C /* YT-CoordinatorStoryboard.app */ = {isa = PBXFileReference; explicitFileType = wrapper.application; includeInIndex = 0; path = "YT-CoordinatorStoryboard.app"; sourceTree = BUILT_PRODUCTS_DIR; };
		07E189E725437DE400751C1C /* AppDelegate.swift */ = {isa = PBXFileReference; lastKnownFileType = sourcecode.swift; path = AppDelegate.swift; sourceTree = "<group>"; };
		07E189E925437DE400751C1C /* SceneDelegate.swift */ = {isa = PBXFileReference; lastKnownFileType = sourcecode.swift; path = SceneDelegate.swift; sourceTree = "<group>"; };
		07E189EB25437DE400751C1C /* ViewController.swift */ = {isa = PBXFileReference; lastKnownFileType = sourcecode.swift; path = ViewController.swift; sourceTree = "<group>"; };
		07E189EE25437DE400751C1C /* Base */ = {isa = PBXFileReference; lastKnownFileType = file.storyboard; name = Base; path = Base.lproj/Main.storyboard; sourceTree = "<group>"; };
		07E189F025437DE500751C1C /* Assets.xcassets */ = {isa = PBXFileReference; lastKnownFileType = folder.assetcatalog; path = Assets.xcassets; sourceTree = "<group>"; };
		07E189F325437DE500751C1C /* Base */ = {isa = PBXFileReference; lastKnownFileType = file.storyboard; name = Base; path = Base.lproj/LaunchScreen.storyboard; sourceTree = "<group>"; };
		07E189F525437DE500751C1C /* Info.plist */ = {isa = PBXFileReference; lastKnownFileType = text.plist.xml; path = Info.plist; sourceTree = "<group>"; };
		07E189FA25437DE500751C1C /* YT-CoordinatorStoryboardTests.xctest */ = {isa = PBXFileReference; explicitFileType = wrapper.cfbundle; includeInIndex = 0; path = "YT-CoordinatorStoryboardTests.xctest"; sourceTree = BUILT_PRODUCTS_DIR; };
		07E189FE25437DE500751C1C /* YT_CoordinatorStoryboardTests.swift */ = {isa = PBXFileReference; lastKnownFileType = sourcecode.swift; path = YT_CoordinatorStoryboardTests.swift; sourceTree = "<group>"; };
		07E18A0025437DE500751C1C /* Info.plist */ = {isa = PBXFileReference; lastKnownFileType = text.plist.xml; path = Info.plist; sourceTree = "<group>"; };
		07E18A0525437DE500751C1C /* YT-CoordinatorStoryboardUITests.xctest */ = {isa = PBXFileReference; explicitFileType = wrapper.cfbundle; includeInIndex = 0; path = "YT-CoordinatorStoryboardUITests.xctest"; sourceTree = BUILT_PRODUCTS_DIR; };
		07E18A0925437DE500751C1C /* YT_CoordinatorStoryboardUITests.swift */ = {isa = PBXFileReference; lastKnownFileType = sourcecode.swift; path = YT_CoordinatorStoryboardUITests.swift; sourceTree = "<group>"; };
		07E18A0B25437DE500751C1C /* Info.plist */ = {isa = PBXFileReference; lastKnownFileType = text.plist.xml; path = Info.plist; sourceTree = "<group>"; };
		07E18A1825437E4D00751C1C /* Coordinator.swift */ = {isa = PBXFileReference; lastKnownFileType = sourcecode.swift; path = Coordinator.swift; sourceTree = "<group>"; };
		07E18A1A25437EAF00751C1C /* AppCoordinator.swift */ = {isa = PBXFileReference; lastKnownFileType = sourcecode.swift; path = AppCoordinator.swift; sourceTree = "<group>"; };
		07E18A1C25437F1E00751C1C /* FirstCoordinator.swift */ = {isa = PBXFileReference; lastKnownFileType = sourcecode.swift; path = FirstCoordinator.swift; sourceTree = "<group>"; };
		07E18A1F2543817500751C1C /* +UIViewController.swift */ = {isa = PBXFileReference; lastKnownFileType = sourcecode.swift; path = "+UIViewController.swift"; sourceTree = "<group>"; };
		07E18A222543820500751C1C /* Storyboarded.swift */ = {isa = PBXFileReference; lastKnownFileType = sourcecode.swift; path = Storyboarded.swift; sourceTree = "<group>"; };
/* End PBXFileReference section */

/* Begin PBXFrameworksBuildPhase section */
		07E189E125437DE400751C1C /* Frameworks */ = {
			isa = PBXFrameworksBuildPhase;
			buildActionMask = 2147483647;
			files = (
			);
			runOnlyForDeploymentPostprocessing = 0;
		};
		07E189F725437DE500751C1C /* Frameworks */ = {
			isa = PBXFrameworksBuildPhase;
			buildActionMask = 2147483647;
			files = (
			);
			runOnlyForDeploymentPostprocessing = 0;
		};
		07E18A0225437DE500751C1C /* Frameworks */ = {
			isa = PBXFrameworksBuildPhase;
			buildActionMask = 2147483647;
			files = (
			);
			runOnlyForDeploymentPostprocessing = 0;
		};
/* End PBXFrameworksBuildPhase section */

/* Begin PBXGroup section */
		07E189DB25437DE400751C1C = {
			isa = PBXGroup;
			children = (
				07E189E625437DE400751C1C /* YT-CoordinatorStoryboard */,
				07E189FD25437DE500751C1C /* YT-CoordinatorStoryboardTests */,
				07E18A0825437DE500751C1C /* YT-CoordinatorStoryboardUITests */,
				07E189E525437DE400751C1C /* Products */,
			);
			sourceTree = "<group>";
		};
		07E189E525437DE400751C1C /* Products */ = {
			isa = PBXGroup;
			children = (
				07E189E425437DE400751C1C /* YT-CoordinatorStoryboard.app */,
				07E189FA25437DE500751C1C /* YT-CoordinatorStoryboardTests.xctest */,
				07E18A0525437DE500751C1C /* YT-CoordinatorStoryboardUITests.xctest */,
			);
			name = Products;
			sourceTree = "<group>";
		};
		07E189E625437DE400751C1C /* YT-CoordinatorStoryboard */ = {
			isa = PBXGroup;
			children = (
				07E18A21254381FA00751C1C /* Utils */,
				07E18A1E2543803A00751C1C /* Extensions */,
				07E18A1725437DFE00751C1C /* Coordinator */,
				07E189E725437DE400751C1C /* AppDelegate.swift */,
				07E189E925437DE400751C1C /* SceneDelegate.swift */,
				07E189EB25437DE400751C1C /* ViewController.swift */,
				07E189ED25437DE400751C1C /* Main.storyboard */,
				07E189F025437DE500751C1C /* Assets.xcassets */,
				07E189F225437DE500751C1C /* LaunchScreen.storyboard */,
				07E189F525437DE500751C1C /* Info.plist */,
			);
			path = "YT-CoordinatorStoryboard";
			sourceTree = "<group>";
		};
		07E189FD25437DE500751C1C /* YT-CoordinatorStoryboardTests */ = {
			isa = PBXGroup;
			children = (
				07E189FE25437DE500751C1C /* YT_CoordinatorStoryboardTests.swift */,
				07E18A0025437DE500751C1C /* Info.plist */,
			);
			path = "YT-CoordinatorStoryboardTests";
			sourceTree = "<group>";
		};
		07E18A0825437DE500751C1C /* YT-CoordinatorStoryboardUITests */ = {
			isa = PBXGroup;
			children = (
				07E18A0925437DE500751C1C /* YT_CoordinatorStoryboardUITests.swift */,
				07E18A0B25437DE500751C1C /* Info.plist */,
			);
			path = "YT-CoordinatorStoryboardUITests";
			sourceTree = "<group>";
		};
		07E18A1725437DFE00751C1C /* Coordinator */ = {
			isa = PBXGroup;
			children = (
				07E18A1825437E4D00751C1C /* Coordinator.swift */,
				07E18A1A25437EAF00751C1C /* AppCoordinator.swift */,
				07E18A1C25437F1E00751C1C /* FirstCoordinator.swift */,
			);
			path = Coordinator;
			sourceTree = "<group>";
		};
		07E18A1E2543803A00751C1C /* Extensions */ = {
			isa = PBXGroup;
			children = (
				07E18A1F2543817500751C1C /* +UIViewController.swift */,
			);
			path = Extensions;
			sourceTree = "<group>";
		};
		07E18A21254381FA00751C1C /* Utils */ = {
			isa = PBXGroup;
			children = (
				07E18A222543820500751C1C /* Storyboarded.swift */,
			);
			path = Utils;
			sourceTree = "<group>";
		};
/* End PBXGroup section */

/* Begin PBXNativeTarget section */
		07E189E325437DE400751C1C /* YT-CoordinatorStoryboard */ = {
			isa = PBXNativeTarget;
			buildConfigurationList = 07E18A0E25437DE500751C1C /* Build configuration list for PBXNativeTarget "YT-CoordinatorStoryboard" */;
			buildPhases = (
				07E189E025437DE400751C1C /* Sources */,
				07E189E125437DE400751C1C /* Frameworks */,
				07E189E225437DE400751C1C /* Resources */,
			);
			buildRules = (
			);
			dependencies = (
			);
			name = "YT-CoordinatorStoryboard";
			productName = "YT-CoordinatorStoryboard";
			productReference = 07E189E425437DE400751C1C /* YT-CoordinatorStoryboard.app */;
			productType = "com.apple.product-type.application";
		};
		07E189F925437DE500751C1C /* YT-CoordinatorStoryboardTests */ = {
			isa = PBXNativeTarget;
			buildConfigurationList = 07E18A1125437DE500751C1C /* Build configuration list for PBXNativeTarget "YT-CoordinatorStoryboardTests" */;
			buildPhases = (
				07E189F625437DE500751C1C /* Sources */,
				07E189F725437DE500751C1C /* Frameworks */,
				07E189F825437DE500751C1C /* Resources */,
			);
			buildRules = (
			);
			dependencies = (
				07E189FC25437DE500751C1C /* PBXTargetDependency */,
			);
			name = "YT-CoordinatorStoryboardTests";
			productName = "YT-CoordinatorStoryboardTests";
			productReference = 07E189FA25437DE500751C1C /* YT-CoordinatorStoryboardTests.xctest */;
			productType = "com.apple.product-type.bundle.unit-test";
		};
		07E18A0425437DE500751C1C /* YT-CoordinatorStoryboardUITests */ = {
			isa = PBXNativeTarget;
			buildConfigurationList = 07E18A1425437DE500751C1C /* Build configuration list for PBXNativeTarget "YT-CoordinatorStoryboardUITests" */;
			buildPhases = (
				07E18A0125437DE500751C1C /* Sources */,
				07E18A0225437DE500751C1C /* Frameworks */,
				07E18A0325437DE500751C1C /* Resources */,
			);
			buildRules = (
			);
			dependencies = (
				07E18A0725437DE500751C1C /* PBXTargetDependency */,
			);
			name = "YT-CoordinatorStoryboardUITests";
			productName = "YT-CoordinatorStoryboardUITests";
			productReference = 07E18A0525437DE500751C1C /* YT-CoordinatorStoryboardUITests.xctest */;
			productType = "com.apple.product-type.bundle.ui-testing";
		};
/* End PBXNativeTarget section */

/* Begin PBXProject section */
		07E189DC25437DE400751C1C /* Project object */ = {
			isa = PBXProject;
			attributes = {
				LastSwiftUpdateCheck = 1150;
				LastUpgradeCheck = 1150;
				ORGANIZATIONNAME = "Abner Castro";
				TargetAttributes = {
					07E189E325437DE400751C1C = {
						CreatedOnToolsVersion = 11.5;
					};
					07E189F925437DE500751C1C = {
						CreatedOnToolsVersion = 11.5;
						TestTargetID = 07E189E325437DE400751C1C;
					};
					07E18A0425437DE500751C1C = {
						CreatedOnToolsVersion = 11.5;
						TestTargetID = 07E189E325437DE400751C1C;
					};
				};
			};
			buildConfigurationList = 07E189DF25437DE400751C1C /* Build configuration list for PBXProject "YT-CoordinatorStoryboard" */;
			compatibilityVersion = "Xcode 9.3";
			developmentRegion = en;
			hasScannedForEncodings = 0;
			knownRegions = (
				en,
				Base,
			);
			mainGroup = 07E189DB25437DE400751C1C;
			productRefGroup = 07E189E525437DE400751C1C /* Products */;
			projectDirPath = "";
			projectRoot = "";
			targets = (
				07E189E325437DE400751C1C /* YT-CoordinatorStoryboard */,
				07E189F925437DE500751C1C /* YT-CoordinatorStoryboardTests */,
				07E18A0425437DE500751C1C /* YT-CoordinatorStoryboardUITests */,
			);
		};
/* End PBXProject section */

/* Begin PBXResourcesBuildPhase section */
		07E189E225437DE400751C1C /* Resources */ = {
			isa = PBXResourcesBuildPhase;
			buildActionMask = 2147483647;
			files = (
				07E189F425437DE500751C1C /* LaunchScreen.storyboard in Resources */,
				07E189F125437DE500751C1C /* Assets.xcassets in Resources */,
				07E189EF25437DE400751C1C /* Main.storyboard in Resources */,
			);
			runOnlyForDeploymentPostprocessing = 0;
		};
		07E189F825437DE500751C1C /* Resources */ = {
			isa = PBXResourcesBuildPhase;
			buildActionMask = 2147483647;
			files = (
			);
			runOnlyForDeploymentPostprocessing = 0;
		};
		07E18A0325437DE500751C1C /* Resources */ = {
			isa = PBXResourcesBuildPhase;
			buildActionMask = 2147483647;
			files = (
			);
			runOnlyForDeploymentPostprocessing = 0;
		};
/* End PBXResourcesBuildPhase section */

/* Begin PBXSourcesBuildPhase section */
		07E189E025437DE400751C1C /* Sources */ = {
			isa = PBXSourcesBuildPhase;
			buildActionMask = 2147483647;
			files = (
				07E18A1925437E4D00751C1C /* Coordinator.swift in Sources */,
				07E18A202543817500751C1C /* +UIViewController.swift in Sources */,
				07E18A1D25437F1E00751C1C /* FirstCoordinator.swift in Sources */,
				07E189EC25437DE400751C1C /* ViewController.swift in Sources */,
				07E18A1B25437EAF00751C1C /* AppCoordinator.swift in Sources */,
				07E189E825437DE400751C1C /* AppDelegate.swift in Sources */,
				07E189EA25437DE400751C1C /* SceneDelegate.swift in Sources */,
				07E18A232543820500751C1C /* Storyboarded.swift in Sources */,
			);
			runOnlyForDeploymentPostprocessing = 0;
		};
		07E189F625437DE500751C1C /* Sources */ = {
			isa = PBXSourcesBuildPhase;
			buildActionMask = 2147483647;
			files = (
				07E189FF25437DE500751C1C /* YT_CoordinatorStoryboardTests.swift in Sources */,
			);
			runOnlyForDeploymentPostprocessing = 0;
		};
		07E18A0125437DE500751C1C /* Sources */ = {
			isa = PBXSourcesBuildPhase;
			buildActionMask = 2147483647;
			files = (
				07E18A0A25437DE500751C1C /* YT_CoordinatorStoryboardUITests.swift in Sources */,
			);
			runOnlyForDeploymentPostprocessing = 0;
		};
/* End PBXSourcesBuildPhase section */

/* Begin PBXTargetDependency section */
		07E189FC25437DE500751C1C /* PBXTargetDependency */ = {
			isa = PBXTargetDependency;
			target = 07E189E325437DE400751C1C /* YT-CoordinatorStoryboard */;
			targetProxy = 07E189FB25437DE500751C1C /* PBXContainerItemProxy */;
		};
		07E18A0725437DE500751C1C /* PBXTargetDependency */ = {
			isa = PBXTargetDependency;
			target = 07E189E325437DE400751C1C /* YT-CoordinatorStoryboard */;
			targetProxy = 07E18A0625437DE500751C1C /* PBXContainerItemProxy */;
		};
/* End PBXTargetDependency section */

/* Begin PBXVariantGroup section */
		07E189ED25437DE400751C1C /* Main.storyboard */ = {
			isa = PBXVariantGroup;
			children = (
				07E189EE25437DE400751C1C /* Base */,
			);
			name = Main.storyboard;
			sourceTree = "<group>";
		};
		07E189F225437DE500751C1C /* LaunchScreen.storyboard */ = {
			isa = PBXVariantGroup;
			children = (
				07E189F325437DE500751C1C /* Base */,
			);
			name = LaunchScreen.storyboard;
			sourceTree = "<group>";
		};
/* End PBXVariantGroup section */

/* Begin XCBuildConfiguration section */
		07E18A0C25437DE500751C1C /* Debug */ = {
			isa = XCBuildConfiguration;
			buildSettings = {
				ALWAYS_SEARCH_USER_PATHS = NO;
				CLANG_ANALYZER_NONNULL = YES;
				CLANG_ANALYZER_NUMBER_OBJECT_CONVERSION = YES_AGGRESSIVE;
				CLANG_CXX_LANGUAGE_STANDARD = "gnu++14";
				CLANG_CXX_LIBRARY = "libc++";
				CLANG_ENABLE_MODULES = YES;
				CLANG_ENABLE_OBJC_ARC = YES;
				CLANG_ENABLE_OBJC_WEAK = YES;
				CLANG_WARN_BLOCK_CAPTURE_AUTORELEASING = YES;
				CLANG_WARN_BOOL_CONVERSION = YES;
				CLANG_WARN_COMMA = YES;
				CLANG_WARN_CONSTANT_CONVERSION = YES;
				CLANG_WARN_DEPRECATED_OBJC_IMPLEMENTATIONS = YES;
				CLANG_WARN_DIRECT_OBJC_ISA_USAGE = YES_ERROR;
				CLANG_WARN_DOCUMENTATION_COMMENTS = YES;
				CLANG_WARN_EMPTY_BODY = YES;
				CLANG_WARN_ENUM_CONVERSION = YES;
				CLANG_WARN_INFINITE_RECURSION = YES;
				CLANG_WARN_INT_CONVERSION = YES;
				CLANG_WARN_NON_LITERAL_NULL_CONVERSION = YES;
				CLANG_WARN_OBJC_IMPLICIT_RETAIN_SELF = YES;
				CLANG_WARN_OBJC_LITERAL_CONVERSION = YES;
				CLANG_WARN_OBJC_ROOT_CLASS = YES_ERROR;
				CLANG_WARN_RANGE_LOOP_ANALYSIS = YES;
				CLANG_WARN_STRICT_PROTOTYPES = YES;
				CLANG_WARN_SUSPICIOUS_MOVE = YES;
				CLANG_WARN_UNGUARDED_AVAILABILITY = YES_AGGRESSIVE;
				CLANG_WARN_UNREACHABLE_CODE = YES;
				CLANG_WARN__DUPLICATE_METHOD_MATCH = YES;
				COPY_PHASE_STRIP = NO;
				DEBUG_INFORMATION_FORMAT = dwarf;
				ENABLE_STRICT_OBJC_MSGSEND = YES;
				ENABLE_TESTABILITY = YES;
				GCC_C_LANGUAGE_STANDARD = gnu11;
				GCC_DYNAMIC_NO_PIC = NO;
				GCC_NO_COMMON_BLOCKS = YES;
				GCC_OPTIMIZATION_LEVEL = 0;
				GCC_PREPROCESSOR_DEFINITIONS = (
					"DEBUG=1",
					"$(inherited)",
				);
				GCC_WARN_64_TO_32_BIT_CONVERSION = YES;
				GCC_WARN_ABOUT_RETURN_TYPE = YES_ERROR;
				GCC_WARN_UNDECLARED_SELECTOR = YES;
				GCC_WARN_UNINITIALIZED_AUTOS = YES_AGGRESSIVE;
				GCC_WARN_UNUSED_FUNCTION = YES;
				GCC_WARN_UNUSED_VARIABLE = YES;
				IPHONEOS_DEPLOYMENT_TARGET = 13.5;
				MTL_ENABLE_DEBUG_INFO = INCLUDE_SOURCE;
				MTL_FAST_MATH = YES;
				ONLY_ACTIVE_ARCH = YES;
				SDKROOT = iphoneos;
				SWIFT_ACTIVE_COMPILATION_CONDITIONS = DEBUG;
				SWIFT_OPTIMIZATION_LEVEL = "-Onone";
			};
			name = Debug;
		};
		07E18A0D25437DE500751C1C /* Release */ = {
			isa = XCBuildConfiguration;
			buildSettings = {
				ALWAYS_SEARCH_USER_PATHS = NO;
				CLANG_ANALYZER_NONNULL = YES;
				CLANG_ANALYZER_NUMBER_OBJECT_CONVERSION = YES_AGGRESSIVE;
				CLANG_CXX_LANGUAGE_STANDARD = "gnu++14";
				CLANG_CXX_LIBRARY = "libc++";
				CLANG_ENABLE_MODULES = YES;
				CLANG_ENABLE_OBJC_ARC = YES;
				CLANG_ENABLE_OBJC_WEAK = YES;
				CLANG_WARN_BLOCK_CAPTURE_AUTORELEASING = YES;
				CLANG_WARN_BOOL_CONVERSION = YES;
				CLANG_WARN_COMMA = YES;
				CLANG_WARN_CONSTANT_CONVERSION = YES;
				CLANG_WARN_DEPRECATED_OBJC_IMPLEMENTATIONS = YES;
				CLANG_WARN_DIRECT_OBJC_ISA_USAGE = YES_ERROR;
				CLANG_WARN_DOCUMENTATION_COMMENTS = YES;
				CLANG_WARN_EMPTY_BODY = YES;
				CLANG_WARN_ENUM_CONVERSION = YES;
				CLANG_WARN_INFINITE_RECURSION = YES;
				CLANG_WARN_INT_CONVERSION = YES;
				CLANG_WARN_NON_LITERAL_NULL_CONVERSION = YES;
				CLANG_WARN_OBJC_IMPLICIT_RETAIN_SELF = YES;
				CLANG_WARN_OBJC_LITERAL_CONVERSION = YES;
				CLANG_WARN_OBJC_ROOT_CLASS = YES_ERROR;
				CLANG_WARN_RANGE_LOOP_ANALYSIS = YES;
				CLANG_WARN_STRICT_PROTOTYPES = YES;
				CLANG_WARN_SUSPICIOUS_MOVE = YES;
				CLANG_WARN_UNGUARDED_AVAILABILITY = YES_AGGRESSIVE;
				CLANG_WARN_UNREACHABLE_CODE = YES;
				CLANG_WARN__DUPLICATE_METHOD_MATCH = YES;
				COPY_PHASE_STRIP = NO;
				DEBUG_INFORMATION_FORMAT = "dwarf-with-dsym";
				ENABLE_NS_ASSERTIONS = NO;
				ENABLE_STRICT_OBJC_MSGSEND = YES;
				GCC_C_LANGUAGE_STANDARD = gnu11;
				GCC_NO_COMMON_BLOCKS = YES;
				GCC_WARN_64_TO_32_BIT_CONVERSION = YES;
				GCC_WARN_ABOUT_RETURN_TYPE = YES_ERROR;
				GCC_WARN_UNDECLARED_SELECTOR = YES;
				GCC_WARN_UNINITIALIZED_AUTOS = YES_AGGRESSIVE;
				GCC_WARN_UNUSED_FUNCTION = YES;
				GCC_WARN_UNUSED_VARIABLE = YES;
				IPHONEOS_DEPLOYMENT_TARGET = 13.5;
				MTL_ENABLE_DEBUG_INFO = NO;
				MTL_FAST_MATH = YES;
				SDKROOT = iphoneos;
				SWIFT_COMPILATION_MODE = wholemodule;
				SWIFT_OPTIMIZATION_LEVEL = "-O";
				VALIDATE_PRODUCT = YES;
			};
			name = Release;
		};
		07E18A0F25437DE500751C1C /* Debug */ = {
			isa = XCBuildConfiguration;
			buildSettings = {
				ASSETCATALOG_COMPILER_APPICON_NAME = AppIcon;
				CODE_SIGN_STYLE = Automatic;
				INFOPLIST_FILE = "YT-CoordinatorStoryboard/Info.plist";
				LD_RUNPATH_SEARCH_PATHS = (
					"$(inherited)",
					"@executable_path/Frameworks",
				);
				PRODUCT_BUNDLE_IDENTIFIER = "abner.YT-CoordinatorStoryboard";
				PRODUCT_NAME = "$(TARGET_NAME)";
				SWIFT_VERSION = 5.0;
				TARGETED_DEVICE_FAMILY = "1,2";
			};
			name = Debug;
		};
		07E18A1025437DE500751C1C /* Release */ = {
			isa = XCBuildConfiguration;
			buildSettings = {
				ASSETCATALOG_COMPILER_APPICON_NAME = AppIcon;
				CODE_SIGN_STYLE = Automatic;
				INFOPLIST_FILE = "YT-CoordinatorStoryboard/Info.plist";
				LD_RUNPATH_SEARCH_PATHS = (
					"$(inherited)",
					"@executable_path/Frameworks",
				);
				PRODUCT_BUNDLE_IDENTIFIER = "abner.YT-CoordinatorStoryboard";
				PRODUCT_NAME = "$(TARGET_NAME)";
				SWIFT_VERSION = 5.0;
				TARGETED_DEVICE_FAMILY = "1,2";
			};
			name = Release;
		};
		07E18A1225437DE500751C1C /* Debug */ = {
			isa = XCBuildConfiguration;
			buildSettings = {
				ALWAYS_EMBED_SWIFT_STANDARD_LIBRARIES = YES;
				BUNDLE_LOADER = "$(TEST_HOST)";
				CODE_SIGN_STYLE = Automatic;
				INFOPLIST_FILE = "YT-CoordinatorStoryboardTests/Info.plist";
				IPHONEOS_DEPLOYMENT_TARGET = 13.5;
				LD_RUNPATH_SEARCH_PATHS = (
					"$(inherited)",
					"@executable_path/Frameworks",
					"@loader_path/Frameworks",
				);
				PRODUCT_BUNDLE_IDENTIFIER = "abner.YT-CoordinatorStoryboardTests";
				PRODUCT_NAME = "$(TARGET_NAME)";
				SWIFT_VERSION = 5.0;
				TARGETED_DEVICE_FAMILY = "1,2";
				TEST_HOST = "$(BUILT_PRODUCTS_DIR)/YT-CoordinatorStoryboard.app/YT-CoordinatorStoryboard";
			};
			name = Debug;
		};
		07E18A1325437DE500751C1C /* Release */ = {
			isa = XCBuildConfiguration;
			buildSettings = {
				ALWAYS_EMBED_SWIFT_STANDARD_LIBRARIES = YES;
				BUNDLE_LOADER = "$(TEST_HOST)";
				CODE_SIGN_STYLE = Automatic;
				INFOPLIST_FILE = "YT-CoordinatorStoryboardTests/Info.plist";
				IPHONEOS_DEPLOYMENT_TARGET = 13.5;
				LD_RUNPATH_SEARCH_PATHS = (
					"$(inherited)",
					"@executable_path/Frameworks",
					"@loader_path/Frameworks",
				);
				PRODUCT_BUNDLE_IDENTIFIER = "abner.YT-CoordinatorStoryboardTests";
				PRODUCT_NAME = "$(TARGET_NAME)";
				SWIFT_VERSION = 5.0;
				TARGETED_DEVICE_FAMILY = "1,2";
				TEST_HOST = "$(BUILT_PRODUCTS_DIR)/YT-CoordinatorStoryboard.app/YT-CoordinatorStoryboard";
			};
			name = Release;
		};
		07E18A1525437DE500751C1C /* Debug */ = {
			isa = XCBuildConfiguration;
			buildSettings = {
				ALWAYS_EMBED_SWIFT_STANDARD_LIBRARIES = YES;
				CODE_SIGN_STYLE = Automatic;
				INFOPLIST_FILE = "YT-CoordinatorStoryboardUITests/Info.plist";
				LD_RUNPATH_SEARCH_PATHS = (
					"$(inherited)",
					"@executable_path/Frameworks",
					"@loader_path/Frameworks",
				);
				PRODUCT_BUNDLE_IDENTIFIER = "abner.YT-CoordinatorStoryboardUITests";
				PRODUCT_NAME = "$(TARGET_NAME)";
				SWIFT_VERSION = 5.0;
				TARGETED_DEVICE_FAMILY = "1,2";
				TEST_TARGET_NAME = "YT-CoordinatorStoryboard";
			};
			name = Debug;
		};
		07E18A1625437DE500751C1C /* Release */ = {
			isa = XCBuildConfiguration;
			buildSettings = {
				ALWAYS_EMBED_SWIFT_STANDARD_LIBRARIES = YES;
				CODE_SIGN_STYLE = Automatic;
				INFOPLIST_FILE = "YT-CoordinatorStoryboardUITests/Info.plist";
				LD_RUNPATH_SEARCH_PATHS = (
					"$(inherited)",
					"@executable_path/Frameworks",
					"@loader_path/Frameworks",
				);
				PRODUCT_BUNDLE_IDENTIFIER = "abner.YT-CoordinatorStoryboardUITests";
				PRODUCT_NAME = "$(TARGET_NAME)";
				SWIFT_VERSION = 5.0;
				TARGETED_DEVICE_FAMILY = "1,2";
				TEST_TARGET_NAME = "YT-CoordinatorStoryboard";
			};
			name = Release;
		};
/* End XCBuildConfiguration section */

/* Begin XCConfigurationList section */
		07E189DF25437DE400751C1C /* Build configuration list for PBXProject "YT-CoordinatorStoryboard" */ = {
			isa = XCConfigurationList;
			buildConfigurations = (
				07E18A0C25437DE500751C1C /* Debug */,
				07E18A0D25437DE500751C1C /* Release */,
			);
			defaultConfigurationIsVisible = 0;
			defaultConfigurationName = Release;
		};
		07E18A0E25437DE500751C1C /* Build configuration list for PBXNativeTarget "YT-CoordinatorStoryboard" */ = {
			isa = XCConfigurationList;
			buildConfigurations = (
				07E18A0F25437DE500751C1C /* Debug */,
				07E18A1025437DE500751C1C /* Release */,
			);
			defaultConfigurationIsVisible = 0;
			defaultConfigurationName = Release;
		};
		07E18A1125437DE500751C1C /* Build configuration list for PBXNativeTarget "YT-CoordinatorStoryboardTests" */ = {
			isa = XCConfigurationList;
			buildConfigurations = (
				07E18A1225437DE500751C1C /* Debug */,
				07E18A1325437DE500751C1C /* Release */,
			);
			defaultConfigurationIsVisible = 0;
			defaultConfigurationName = Release;
		};
		07E18A1425437DE500751C1C /* Build configuration list for PBXNativeTarget "YT-CoordinatorStoryboardUITests" */ = {
			isa = XCConfigurationList;
			buildConfigurations = (
				07E18A1525437DE500751C1C /* Debug */,
				07E18A1625437DE500751C1C /* Release */,
			);
			defaultConfigurationIsVisible = 0;
			defaultConfigurationName = Release;
		};
/* End XCConfigurationList section */
	};
	rootObject = 07E189DC25437DE400751C1C /* Project object */;
}
